
Microsoft Visual Studio Solution File, Format Version 12.00
# Visual Studio 15
VisualStudioVersion = 15.0.26228.9
MinimumVisualStudioVersion = 10.0.40219.1
Project("{FAE04EC0-301F-11D3-BF4B-00C04F79EFBC}") = "Relief System", "Relief System\Relief System.csproj", "{AB0ED84D-0270-40D2-AFAB-BF9AE52B550F}"
EndProject
Global
	GlobalSection(SolutionConfigurationPlatforms) = preSolution
		Debug|Any CPU = Debug|Any CPU
		Release|Any CPU = Release|Any CPU
	EndGlobalSection
	GlobalSection(ProjectConfigurationPlatforms) = postSolution
		{AB0ED84D-0270-40D2-AFAB-BF9AE52B550F}.Debug|Any CPU.ActiveCfg = Debug|Any CPU
		{AB0ED84D-0270-40D2-AFAB-BF9AE52B550F}.Debug|Any CPU.Build.0 = Debug|Any CPU
		{AB0ED84D-0270-40D2-AFAB-BF9AE52B550F}.Release|Any CPU.ActiveCfg = Release|Any CPU
		{AB0ED84D-0270-40D2-AFAB-BF9AE52B550F}.Release|Any CPU.Build.0 = Release|Any CPU
	EndGlobalSection
	GlobalSection(SolutionProperties) = preSolution
		HideSolutionNode = FALSE
	EndGlobalSection
EndGlobal
